
Microsoft Visual Studio Solution File, Format Version 12.00
# Visual Studio Version 16
VisualStudioVersion = 16.0.30011.22
MinimumVisualStudioVersion = 10.0.40219.1
Project("{9A19103F-16F7-4668-BE54-9A1E7A4F7556}") = "REFame.PasswordManagement.App", "REFame.PasswordManagement\REFame.PasswordManagement.App.csproj", "{A73A18F7-F08C-47E5-A5F3-B2FCE9E3F6BF}"
EndProject
Project("{9A19103F-16F7-4668-BE54-9A1E7A4F7556}") = "REFame.PasswordManagement.Backend", "REFame.PasswordManagement.Backend\REFame.PasswordManagement.Backend.csproj", "{8B6CE999-A71E-4787-BEEB-4B4A9FAB1233}"
EndProject
Project("{9A19103F-16F7-4668-BE54-9A1E7A4F7556}") = "REFame.PasswordManagement.Database", "REFame.PasswordManagement.Database\REFame.PasswordManagement.Database.csproj", "{D9A978C4-B11F-4BD1-983E-873DB22C1C43}"
EndProject
Project("{9A19103F-16F7-4668-BE54-9A1E7A4F7556}") = "REFame.PasswordManagement.DatabaseBuilder", "REFame.PasswordManagement.DatabaseBuilder\REFame.PasswordManagement.DatabaseBuilder.csproj", "{8A19FBEA-D745-499B-A588-CE35085F674F}"
EndProject
Project("{9A19103F-16F7-4668-BE54-9A1E7A4F7556}") = "REFame.PasswordManagement.Logging", "REFame.PasswordManagement.Logging\REFame.PasswordManagement.Logging.csproj", "{70153568-6D94-48F9-8032-B6F32D1524DD}"
EndProject
Project("{2150E333-8FDC-42A3-9474-1A3956D46DE8}") = "UI", "UI", "{74619FCA-AD46-4DB2-8BC3-1922C46EB900}"
EndProject
Project("{9A19103F-16F7-4668-BE54-9A1E7A4F7556}") = "REFame.PasswordManagement.Styles", "REFame.PasswordManagement.Stlyes\REFame.PasswordManagement.Styles.csproj", "{855CB156-4CB6-4FD6-A880-DC3FCEB0EA87}"
EndProject
Project("{2150E333-8FDC-42A3-9474-1A3956D46DE8}") = "Database", "Database", "{CF19D8FD-92CA-4CAD-A093-31666578AD97}"
EndProject
Project("{2150E333-8FDC-42A3-9474-1A3956D46DE8}") = "Backend", "Backend", "{760F9332-6898-4B98-A446-9393F784C218}"
EndProject
Project("{9A19103F-16F7-4668-BE54-9A1E7A4F7556}") = "REFame.PasswordManagement.File", "REFame.PasswordManagement.File\REFame.PasswordManagement.File.csproj", "{71BA2750-DBB4-4C2C-A0CE-BD7A3027BCEA}"
EndProject
Project("{9A19103F-16F7-4668-BE54-9A1E7A4F7556}") = "REFame.PasswordManagement.Model", "REFame.PasswordManagement.Model\REFame.PasswordManagement.Model.csproj", "{77EA521E-ECF4-4D1C-90E0-E4A4DFA0EF20}"
EndProject
Project("{2150E333-8FDC-42A3-9474-1A3956D46DE8}") = "Tests", "Tests", "{3CF8463B-0BBD-4D9B-8994-893F91BB9B8B}"
EndProject
Project("{9A19103F-16F7-4668-BE54-9A1E7A4F7556}") = "REFame.PasswordManagement.Tests", "REFame.PasswordManagement.Tests\REFame.PasswordManagement.Tests.csproj", "{C964F020-C9C9-4C8F-A37B-012D402A1A85}"
EndProject
Project("{9A19103F-16F7-4668-BE54-9A1E7A4F7556}") = "REFame.PasswordManagement.DatabaseBuilder.BuilderUI", "REFame.PasswordManagement.DatabaseBuilder.BuilderUI\REFame.PasswordManagement.DatabaseBuilder.BuilderUI.csproj", "{C9D013E8-12F1-4B0F-A496-7DDC20E39D7F}"
EndProject
Project("{9A19103F-16F7-4668-BE54-9A1E7A4F7556}") = "REFame.PasswordManagement.File.Tests", "REFame.PasswordManagement.File.Test\REFame.PasswordManagement.File.Tests.csproj", "{784A05DA-F9E7-4105-9867-77F1374AA9D0}"
EndProject
Project("{9A19103F-16F7-4668-BE54-9A1E7A4F7556}") = "REFame.PasswordManagement.Services", "REFame.PasswordManagement.Services\REFame.PasswordManagement.Services.csproj", "{71910A3C-3D29-45AF-83F0-6D08766779F0}"
EndProject
Project("{9A19103F-16F7-4668-BE54-9A1E7A4F7556}") = "REFame.PasswordManagement.Settings", "REFame.PasswordManagement.Settings\REFame.PasswordManagement.Settings.csproj", "{92FD41FE-1C54-47B2-8114-2CDABEE878F9}"
EndProject
Project("{9A19103F-16F7-4668-BE54-9A1E7A4F7556}") = "REFame.PasswordManagement.Settings.Tests", "REFame.PasswordManagement.Settings.Tests\REFame.PasswordManagement.Settings.Tests.csproj", "{D4885894-BDFF-4399-9433-147D137A08E6}"
EndProject
Project("{9A19103F-16F7-4668-BE54-9A1E7A4F7556}") = "REFame.PasswordManagement.Database.Tests", "REFame.PasswordManagement.Database.Tests\REFame.PasswordManagement.Database.Tests.csproj", "{304065F9-CE1B-43BF-85EE-37D5CB82F190}"
EndProject
Project("{9A19103F-16F7-4668-BE54-9A1E7A4F7556}") = "REFame.PasswordManagement.Settings.UI", "REFame.PasswordManagement.Settings.UI\REFame.PasswordManagement.Settings.UI.csproj", "{5412DFBB-9C75-416E-984E-F0AFA0DBA27C}"
EndProject
Project("{9A19103F-16F7-4668-BE54-9A1E7A4F7556}") = "REFame.PasswordManagement.WpfBase", "REFame.PasswordManagement.BindableBase\REFame.PasswordManagement.WpfBase.csproj", "{E71E6DFA-6C78-48A4-BC82-354CD949088F}"
EndProject
Project("{2150E333-8FDC-42A3-9474-1A3956D46DE8}") = "Settings", "Settings", "{A5E46DCD-75E8-4E71-95DA-DEB4D4D93A55}"
EndProject
Project("{9A19103F-16F7-4668-BE54-9A1E7A4F7556}") = "REFame.PasswordManagement.Settings.Contracts", "REFame.PasswordManagement.Settings.Contracts\REFame.PasswordManagement.Settings.Contracts.csproj", "{BDCFC378-B8C9-4FBA-8379-EB3725AD3723}"
EndProject
Project("{9A19103F-16F7-4668-BE54-9A1E7A4F7556}") = "REFame.PasswordManagement.Settings.ViewModel", "REFame.PasswordManagement.Settings.ViewModel\REFame.PasswordManagement.Settings.ViewModel.csproj", "{2E1D7466-4722-464E-8FAA-6D2A3B2C6F2A}"
EndProject
Project("{9A19103F-16F7-4668-BE54-9A1E7A4F7556}") = "REFame.PasswordManagement.Settings.ViewModel.Tests", "REFame.PasswordManagement.Settings.ViewModel.Tests\REFame.PasswordManagement.Settings.ViewModel.Tests.csproj", "{F0A581DA-A426-4A21-AA1D-A323726B0C68}"
EndProject
Project("{2150E333-8FDC-42A3-9474-1A3956D46DE8}") = "AppCore", "AppCore", "{39BC6931-2557-4CAA-AC27-4453460E2709}"
EndProject
Project("{9A19103F-16F7-4668-BE54-9A1E7A4F7556}") = "REFame.PasswordManagement.AppCore", "REFame.PasswordManagement.AppCore\REFame.PasswordManagement.AppCore.csproj", "{EA36A365-833B-4D5B-BC6A-BACC4058023E}"
EndProject
Project("{9A19103F-16F7-4668-BE54-9A1E7A4F7556}") = "REFame.PasswordManagement.AppCore.Contracts", "REFame.PasswordManagement.AppCore.Contracts\REFame.PasswordManagement.AppCore.Contracts.csproj", "{736BA8C1-643E-4046-8BEB-CF0B84FE08EB}"
EndProject
Project("{9A19103F-16F7-4668-BE54-9A1E7A4F7556}") = "REFame.PasswordManagement.AppCore.Tests", "REFame.PasswordManagement.AppCore.Tests\REFame.PasswordManagement.AppCore.Tests.csproj", "{C1B05610-B1C0-4EAE-9146-9F2C8496926C}"
EndProject
Project("{9A19103F-16F7-4668-BE54-9A1E7A4F7556}") = "REFame.PasswordManagement.Security", "REFame.PasswordManagement.Security\REFame.PasswordManagement.Security.csproj", "{F3B00D3A-1CEA-4823-91FF-F0114F4917BE}"
EndProject
Project("{9A19103F-16F7-4668-BE54-9A1E7A4F7556}") = "REFame.PasswordManagement.Login", "REFame.PasswordManagement.Login\REFame.PasswordManagement.Login.csproj", "{BB34230D-FCDA-424C-95C7-C29D09E12CD0}"
EndProject
Project("{9A19103F-16F7-4668-BE54-9A1E7A4F7556}") = "REFame.PasswordManagement.Login.Tests", "REFame.PAsswordManagement.Login.Tests\REFame.PasswordManagement.Login.Tests.csproj", "{B276C4E7-3A22-4ABF-93E9-0352132BC66F}"
EndProject
Project("{9A19103F-16F7-4668-BE54-9A1E7A4F7556}") = "REFame.PasswordManagement.Security.Tests", "REFame.PasswordManagement.Security.Tests\REFame.PasswordManagement.Security.Tests.csproj", "{00BB329B-FD8B-4E2B-B46F-95F1687741B9}"
EndProject
Project("{9A19103F-16F7-4668-BE54-9A1E7A4F7556}") = "REFame.PasswordManagement.Data", "REFame.PasswordManagement.Data\REFame.PasswordManagement.Data.csproj", "{907BE0E1-18AA-463D-B9EF-E370EF69ED2F}"
EndProject
Project("{9A19103F-16F7-4668-BE54-9A1E7A4F7556}") = "REFame.PasswordManagement.Data.Tests", "REFame.PasswordManagement.Data.Tests\REFame.PasswordManagement.Data.Tests.csproj", "{84D1013E-6228-4F31-82B3-A4FB7405F56D}"
EndProject
Project("{9A19103F-16F7-4668-BE54-9A1E7A4F7556}") = "REFame.PasswordManagement.File.Contracts", "REFame.PasswordManagement.File.Contracts\REFame.PasswordManagement.File.Contracts.csproj", "{E0D040DB-96AB-40C4-B0C6-1CFF99AAB79A}"
EndProject
Project("{2150E333-8FDC-42A3-9474-1A3956D46DE8}") = "File", "File", "{AF9824CD-CA73-4F7C-A4B1-F8A87876A799}"
EndProject
Project("{9A19103F-16F7-4668-BE54-9A1E7A4F7556}") = "REFame.PasswordManagement.File.Module", "REFame.PasswordManagement.File.Module\REFame.PasswordManagement.File.Module.csproj", "{7C4B48AC-CAA0-44F7-8DF9-95E4189F58B6}"
EndProject
Project("{9A19103F-16F7-4668-BE54-9A1E7A4F7556}") = "REFame.PasswordManagement.ProgressBar", "REFame.PasswordManagement.ProgressBar\REFame.PasswordManagement.ProgressBar.csproj", "{3B12AC4A-70A7-4665-81DC-28F6C1EF0C5B}"
EndProject
Project("{9A19103F-16F7-4668-BE54-9A1E7A4F7556}") = "REFame.PasswordManagement.Update", "REFame.PasswordManagement.Update\REFame.PasswordManagement.Update.csproj", "{16C3F4B7-8D85-49C5-8D2B-13745838E036}"
EndProject
Project("{9A19103F-16F7-4668-BE54-9A1E7A4F7556}") = "REFame.PasswordManagement.Localization", "REFame.PasswordManagement.Localization\REFame.PasswordManagement.Localization.csproj", "{68BEA582-18A6-4AD5-BFA4-C46FB08883D3}"
EndProject
Global
	GlobalSection(SolutionConfigurationPlatforms) = preSolution
		Debug|Any CPU = Debug|Any CPU
		Release|Any CPU = Release|Any CPU
	EndGlobalSection
	GlobalSection(ProjectConfigurationPlatforms) = postSolution
		{A73A18F7-F08C-47E5-A5F3-B2FCE9E3F6BF}.Debug|Any CPU.ActiveCfg = Debug|Any CPU
		{A73A18F7-F08C-47E5-A5F3-B2FCE9E3F6BF}.Debug|Any CPU.Build.0 = Debug|Any CPU
		{A73A18F7-F08C-47E5-A5F3-B2FCE9E3F6BF}.Release|Any CPU.ActiveCfg = Release|Any CPU
		{A73A18F7-F08C-47E5-A5F3-B2FCE9E3F6BF}.Release|Any CPU.Build.0 = Release|Any CPU
		{8B6CE999-A71E-4787-BEEB-4B4A9FAB1233}.Debug|Any CPU.ActiveCfg = Debug|Any CPU
		{8B6CE999-A71E-4787-BEEB-4B4A9FAB1233}.Debug|Any CPU.Build.0 = Debug|Any CPU
		{8B6CE999-A71E-4787-BEEB-4B4A9FAB1233}.Release|Any CPU.ActiveCfg = Release|Any CPU
		{8B6CE999-A71E-4787-BEEB-4B4A9FAB1233}.Release|Any CPU.Build.0 = Release|Any CPU
		{D9A978C4-B11F-4BD1-983E-873DB22C1C43}.Debug|Any CPU.ActiveCfg = Debug|Any CPU
		{D9A978C4-B11F-4BD1-983E-873DB22C1C43}.Debug|Any CPU.Build.0 = Debug|Any CPU
		{D9A978C4-B11F-4BD1-983E-873DB22C1C43}.Release|Any CPU.ActiveCfg = Release|Any CPU
		{D9A978C4-B11F-4BD1-983E-873DB22C1C43}.Release|Any CPU.Build.0 = Release|Any CPU
		{8A19FBEA-D745-499B-A588-CE35085F674F}.Debug|Any CPU.ActiveCfg = Debug|Any CPU
		{8A19FBEA-D745-499B-A588-CE35085F674F}.Debug|Any CPU.Build.0 = Debug|Any CPU
		{8A19FBEA-D745-499B-A588-CE35085F674F}.Release|Any CPU.ActiveCfg = Release|Any CPU
		{8A19FBEA-D745-499B-A588-CE35085F674F}.Release|Any CPU.Build.0 = Release|Any CPU
		{70153568-6D94-48F9-8032-B6F32D1524DD}.Debug|Any CPU.ActiveCfg = Debug|Any CPU
		{70153568-6D94-48F9-8032-B6F32D1524DD}.Debug|Any CPU.Build.0 = Debug|Any CPU
		{70153568-6D94-48F9-8032-B6F32D1524DD}.Release|Any CPU.ActiveCfg = Release|Any CPU
		{70153568-6D94-48F9-8032-B6F32D1524DD}.Release|Any CPU.Build.0 = Release|Any CPU
		{855CB156-4CB6-4FD6-A880-DC3FCEB0EA87}.Debug|Any CPU.ActiveCfg = Debug|Any CPU
		{855CB156-4CB6-4FD6-A880-DC3FCEB0EA87}.Debug|Any CPU.Build.0 = Debug|Any CPU
		{855CB156-4CB6-4FD6-A880-DC3FCEB0EA87}.Release|Any CPU.ActiveCfg = Release|Any CPU
		{855CB156-4CB6-4FD6-A880-DC3FCEB0EA87}.Release|Any CPU.Build.0 = Release|Any CPU
		{71BA2750-DBB4-4C2C-A0CE-BD7A3027BCEA}.Debug|Any CPU.ActiveCfg = Debug|Any CPU
		{71BA2750-DBB4-4C2C-A0CE-BD7A3027BCEA}.Debug|Any CPU.Build.0 = Debug|Any CPU
		{71BA2750-DBB4-4C2C-A0CE-BD7A3027BCEA}.Release|Any CPU.ActiveCfg = Release|Any CPU
		{71BA2750-DBB4-4C2C-A0CE-BD7A3027BCEA}.Release|Any CPU.Build.0 = Release|Any CPU
		{77EA521E-ECF4-4D1C-90E0-E4A4DFA0EF20}.Debug|Any CPU.ActiveCfg = Debug|Any CPU
		{77EA521E-ECF4-4D1C-90E0-E4A4DFA0EF20}.Debug|Any CPU.Build.0 = Debug|Any CPU
		{77EA521E-ECF4-4D1C-90E0-E4A4DFA0EF20}.Release|Any CPU.ActiveCfg = Release|Any CPU
		{77EA521E-ECF4-4D1C-90E0-E4A4DFA0EF20}.Release|Any CPU.Build.0 = Release|Any CPU
		{C964F020-C9C9-4C8F-A37B-012D402A1A85}.Debug|Any CPU.ActiveCfg = Debug|Any CPU
		{C964F020-C9C9-4C8F-A37B-012D402A1A85}.Debug|Any CPU.Build.0 = Debug|Any CPU
		{C964F020-C9C9-4C8F-A37B-012D402A1A85}.Release|Any CPU.ActiveCfg = Release|Any CPU
		{C964F020-C9C9-4C8F-A37B-012D402A1A85}.Release|Any CPU.Build.0 = Release|Any CPU
		{C9D013E8-12F1-4B0F-A496-7DDC20E39D7F}.Debug|Any CPU.ActiveCfg = Debug|Any CPU
		{C9D013E8-12F1-4B0F-A496-7DDC20E39D7F}.Debug|Any CPU.Build.0 = Debug|Any CPU
		{C9D013E8-12F1-4B0F-A496-7DDC20E39D7F}.Release|Any CPU.ActiveCfg = Release|Any CPU
		{C9D013E8-12F1-4B0F-A496-7DDC20E39D7F}.Release|Any CPU.Build.0 = Release|Any CPU
		{784A05DA-F9E7-4105-9867-77F1374AA9D0}.Debug|Any CPU.ActiveCfg = Debug|Any CPU
		{784A05DA-F9E7-4105-9867-77F1374AA9D0}.Debug|Any CPU.Build.0 = Debug|Any CPU
		{784A05DA-F9E7-4105-9867-77F1374AA9D0}.Release|Any CPU.ActiveCfg = Release|Any CPU
		{784A05DA-F9E7-4105-9867-77F1374AA9D0}.Release|Any CPU.Build.0 = Release|Any CPU
		{71910A3C-3D29-45AF-83F0-6D08766779F0}.Debug|Any CPU.ActiveCfg = Debug|Any CPU
		{71910A3C-3D29-45AF-83F0-6D08766779F0}.Debug|Any CPU.Build.0 = Debug|Any CPU
		{71910A3C-3D29-45AF-83F0-6D08766779F0}.Release|Any CPU.ActiveCfg = Release|Any CPU
		{71910A3C-3D29-45AF-83F0-6D08766779F0}.Release|Any CPU.Build.0 = Release|Any CPU
		{92FD41FE-1C54-47B2-8114-2CDABEE878F9}.Debug|Any CPU.ActiveCfg = Debug|Any CPU
		{92FD41FE-1C54-47B2-8114-2CDABEE878F9}.Debug|Any CPU.Build.0 = Debug|Any CPU
		{92FD41FE-1C54-47B2-8114-2CDABEE878F9}.Release|Any CPU.ActiveCfg = Release|Any CPU
		{92FD41FE-1C54-47B2-8114-2CDABEE878F9}.Release|Any CPU.Build.0 = Release|Any CPU
		{D4885894-BDFF-4399-9433-147D137A08E6}.Debug|Any CPU.ActiveCfg = Debug|Any CPU
		{D4885894-BDFF-4399-9433-147D137A08E6}.Debug|Any CPU.Build.0 = Debug|Any CPU
		{D4885894-BDFF-4399-9433-147D137A08E6}.Release|Any CPU.ActiveCfg = Release|Any CPU
		{D4885894-BDFF-4399-9433-147D137A08E6}.Release|Any CPU.Build.0 = Release|Any CPU
		{304065F9-CE1B-43BF-85EE-37D5CB82F190}.Debug|Any CPU.ActiveCfg = Debug|Any CPU
		{304065F9-CE1B-43BF-85EE-37D5CB82F190}.Debug|Any CPU.Build.0 = Debug|Any CPU
		{304065F9-CE1B-43BF-85EE-37D5CB82F190}.Release|Any CPU.ActiveCfg = Release|Any CPU
		{304065F9-CE1B-43BF-85EE-37D5CB82F190}.Release|Any CPU.Build.0 = Release|Any CPU
		{5412DFBB-9C75-416E-984E-F0AFA0DBA27C}.Debug|Any CPU.ActiveCfg = Debug|Any CPU
		{5412DFBB-9C75-416E-984E-F0AFA0DBA27C}.Debug|Any CPU.Build.0 = Debug|Any CPU
		{5412DFBB-9C75-416E-984E-F0AFA0DBA27C}.Release|Any CPU.ActiveCfg = Release|Any CPU
		{5412DFBB-9C75-416E-984E-F0AFA0DBA27C}.Release|Any CPU.Build.0 = Release|Any CPU
		{E71E6DFA-6C78-48A4-BC82-354CD949088F}.Debug|Any CPU.ActiveCfg = Debug|Any CPU
		{E71E6DFA-6C78-48A4-BC82-354CD949088F}.Debug|Any CPU.Build.0 = Debug|Any CPU
		{E71E6DFA-6C78-48A4-BC82-354CD949088F}.Release|Any CPU.ActiveCfg = Release|Any CPU
		{E71E6DFA-6C78-48A4-BC82-354CD949088F}.Release|Any CPU.Build.0 = Release|Any CPU
		{BDCFC378-B8C9-4FBA-8379-EB3725AD3723}.Debug|Any CPU.ActiveCfg = Debug|Any CPU
		{BDCFC378-B8C9-4FBA-8379-EB3725AD3723}.Debug|Any CPU.Build.0 = Debug|Any CPU
		{BDCFC378-B8C9-4FBA-8379-EB3725AD3723}.Release|Any CPU.ActiveCfg = Release|Any CPU
		{BDCFC378-B8C9-4FBA-8379-EB3725AD3723}.Release|Any CPU.Build.0 = Release|Any CPU
		{2E1D7466-4722-464E-8FAA-6D2A3B2C6F2A}.Debug|Any CPU.ActiveCfg = Debug|Any CPU
		{2E1D7466-4722-464E-8FAA-6D2A3B2C6F2A}.Debug|Any CPU.Build.0 = Debug|Any CPU
		{2E1D7466-4722-464E-8FAA-6D2A3B2C6F2A}.Release|Any CPU.ActiveCfg = Release|Any CPU
		{2E1D7466-4722-464E-8FAA-6D2A3B2C6F2A}.Release|Any CPU.Build.0 = Release|Any CPU
		{F0A581DA-A426-4A21-AA1D-A323726B0C68}.Debug|Any CPU.ActiveCfg = Debug|Any CPU
		{F0A581DA-A426-4A21-AA1D-A323726B0C68}.Debug|Any CPU.Build.0 = Debug|Any CPU
		{F0A581DA-A426-4A21-AA1D-A323726B0C68}.Release|Any CPU.ActiveCfg = Release|Any CPU
		{F0A581DA-A426-4A21-AA1D-A323726B0C68}.Release|Any CPU.Build.0 = Release|Any CPU
		{EA36A365-833B-4D5B-BC6A-BACC4058023E}.Debug|Any CPU.ActiveCfg = Debug|Any CPU
		{EA36A365-833B-4D5B-BC6A-BACC4058023E}.Debug|Any CPU.Build.0 = Debug|Any CPU
		{EA36A365-833B-4D5B-BC6A-BACC4058023E}.Release|Any CPU.ActiveCfg = Release|Any CPU
		{EA36A365-833B-4D5B-BC6A-BACC4058023E}.Release|Any CPU.Build.0 = Release|Any CPU
		{736BA8C1-643E-4046-8BEB-CF0B84FE08EB}.Debug|Any CPU.ActiveCfg = Debug|Any CPU
		{736BA8C1-643E-4046-8BEB-CF0B84FE08EB}.Debug|Any CPU.Build.0 = Debug|Any CPU
		{736BA8C1-643E-4046-8BEB-CF0B84FE08EB}.Release|Any CPU.ActiveCfg = Release|Any CPU
		{736BA8C1-643E-4046-8BEB-CF0B84FE08EB}.Release|Any CPU.Build.0 = Release|Any CPU
		{C1B05610-B1C0-4EAE-9146-9F2C8496926C}.Debug|Any CPU.ActiveCfg = Debug|Any CPU
		{C1B05610-B1C0-4EAE-9146-9F2C8496926C}.Debug|Any CPU.Build.0 = Debug|Any CPU
		{C1B05610-B1C0-4EAE-9146-9F2C8496926C}.Release|Any CPU.ActiveCfg = Release|Any CPU
		{C1B05610-B1C0-4EAE-9146-9F2C8496926C}.Release|Any CPU.Build.0 = Release|Any CPU
		{F3B00D3A-1CEA-4823-91FF-F0114F4917BE}.Debug|Any CPU.ActiveCfg = Debug|Any CPU
		{F3B00D3A-1CEA-4823-91FF-F0114F4917BE}.Debug|Any CPU.Build.0 = Debug|Any CPU
		{F3B00D3A-1CEA-4823-91FF-F0114F4917BE}.Release|Any CPU.ActiveCfg = Release|Any CPU
		{F3B00D3A-1CEA-4823-91FF-F0114F4917BE}.Release|Any CPU.Build.0 = Release|Any CPU
		{BB34230D-FCDA-424C-95C7-C29D09E12CD0}.Debug|Any CPU.ActiveCfg = Debug|Any CPU
		{BB34230D-FCDA-424C-95C7-C29D09E12CD0}.Debug|Any CPU.Build.0 = Debug|Any CPU
		{BB34230D-FCDA-424C-95C7-C29D09E12CD0}.Release|Any CPU.ActiveCfg = Release|Any CPU
		{BB34230D-FCDA-424C-95C7-C29D09E12CD0}.Release|Any CPU.Build.0 = Release|Any CPU
		{B276C4E7-3A22-4ABF-93E9-0352132BC66F}.Debug|Any CPU.ActiveCfg = Debug|Any CPU
		{B276C4E7-3A22-4ABF-93E9-0352132BC66F}.Debug|Any CPU.Build.0 = Debug|Any CPU
		{B276C4E7-3A22-4ABF-93E9-0352132BC66F}.Release|Any CPU.ActiveCfg = Release|Any CPU
		{B276C4E7-3A22-4ABF-93E9-0352132BC66F}.Release|Any CPU.Build.0 = Release|Any CPU
		{00BB329B-FD8B-4E2B-B46F-95F1687741B9}.Debug|Any CPU.ActiveCfg = Debug|Any CPU
		{00BB329B-FD8B-4E2B-B46F-95F1687741B9}.Debug|Any CPU.Build.0 = Debug|Any CPU
		{00BB329B-FD8B-4E2B-B46F-95F1687741B9}.Release|Any CPU.ActiveCfg = Release|Any CPU
		{00BB329B-FD8B-4E2B-B46F-95F1687741B9}.Release|Any CPU.Build.0 = Release|Any CPU
		{907BE0E1-18AA-463D-B9EF-E370EF69ED2F}.Debug|Any CPU.ActiveCfg = Debug|Any CPU
		{907BE0E1-18AA-463D-B9EF-E370EF69ED2F}.Debug|Any CPU.Build.0 = Debug|Any CPU
		{907BE0E1-18AA-463D-B9EF-E370EF69ED2F}.Release|Any CPU.ActiveCfg = Release|Any CPU
		{907BE0E1-18AA-463D-B9EF-E370EF69ED2F}.Release|Any CPU.Build.0 = Release|Any CPU
		{84D1013E-6228-4F31-82B3-A4FB7405F56D}.Debug|Any CPU.ActiveCfg = Debug|Any CPU
		{84D1013E-6228-4F31-82B3-A4FB7405F56D}.Debug|Any CPU.Build.0 = Debug|Any CPU
		{84D1013E-6228-4F31-82B3-A4FB7405F56D}.Release|Any CPU.ActiveCfg = Release|Any CPU
		{84D1013E-6228-4F31-82B3-A4FB7405F56D}.Release|Any CPU.Build.0 = Release|Any CPU
		{E0D040DB-96AB-40C4-B0C6-1CFF99AAB79A}.Debug|Any CPU.ActiveCfg = Debug|Any CPU
		{E0D040DB-96AB-40C4-B0C6-1CFF99AAB79A}.Debug|Any CPU.Build.0 = Debug|Any CPU
		{E0D040DB-96AB-40C4-B0C6-1CFF99AAB79A}.Release|Any CPU.ActiveCfg = Release|Any CPU
		{E0D040DB-96AB-40C4-B0C6-1CFF99AAB79A}.Release|Any CPU.Build.0 = Release|Any CPU
		{7C4B48AC-CAA0-44F7-8DF9-95E4189F58B6}.Debug|Any CPU.ActiveCfg = Debug|Any CPU
		{7C4B48AC-CAA0-44F7-8DF9-95E4189F58B6}.Debug|Any CPU.Build.0 = Debug|Any CPU
		{7C4B48AC-CAA0-44F7-8DF9-95E4189F58B6}.Release|Any CPU.ActiveCfg = Release|Any CPU
		{7C4B48AC-CAA0-44F7-8DF9-95E4189F58B6}.Release|Any CPU.Build.0 = Release|Any CPU
		{3B12AC4A-70A7-4665-81DC-28F6C1EF0C5B}.Debug|Any CPU.ActiveCfg = Debug|Any CPU
		{3B12AC4A-70A7-4665-81DC-28F6C1EF0C5B}.Debug|Any CPU.Build.0 = Debug|Any CPU
		{3B12AC4A-70A7-4665-81DC-28F6C1EF0C5B}.Release|Any CPU.ActiveCfg = Release|Any CPU
		{3B12AC4A-70A7-4665-81DC-28F6C1EF0C5B}.Release|Any CPU.Build.0 = Release|Any CPU
		{16C3F4B7-8D85-49C5-8D2B-13745838E036}.Debug|Any CPU.ActiveCfg = Debug|Any CPU
		{16C3F4B7-8D85-49C5-8D2B-13745838E036}.Debug|Any CPU.Build.0 = Debug|Any CPU
		{16C3F4B7-8D85-49C5-8D2B-13745838E036}.Release|Any CPU.ActiveCfg = Release|Any CPU
		{16C3F4B7-8D85-49C5-8D2B-13745838E036}.Release|Any CPU.Build.0 = Release|Any CPU
		{68BEA582-18A6-4AD5-BFA4-C46FB08883D3}.Debug|Any CPU.ActiveCfg = Debug|Any CPU
		{68BEA582-18A6-4AD5-BFA4-C46FB08883D3}.Debug|Any CPU.Build.0 = Debug|Any CPU
		{68BEA582-18A6-4AD5-BFA4-C46FB08883D3}.Release|Any CPU.ActiveCfg = Release|Any CPU
		{68BEA582-18A6-4AD5-BFA4-C46FB08883D3}.Release|Any CPU.Build.0 = Release|Any CPU
	EndGlobalSection
	GlobalSection(SolutionProperties) = preSolution
		HideSolutionNode = FALSE
	EndGlobalSection
	GlobalSection(NestedProjects) = preSolution
		{A73A18F7-F08C-47E5-A5F3-B2FCE9E3F6BF} = {74619FCA-AD46-4DB2-8BC3-1922C46EB900}
		{8B6CE999-A71E-4787-BEEB-4B4A9FAB1233} = {760F9332-6898-4B98-A446-9393F784C218}
		{D9A978C4-B11F-4BD1-983E-873DB22C1C43} = {CF19D8FD-92CA-4CAD-A093-31666578AD97}
		{8A19FBEA-D745-499B-A588-CE35085F674F} = {CF19D8FD-92CA-4CAD-A093-31666578AD97}
		{70153568-6D94-48F9-8032-B6F32D1524DD} = {760F9332-6898-4B98-A446-9393F784C218}
		{855CB156-4CB6-4FD6-A880-DC3FCEB0EA87} = {74619FCA-AD46-4DB2-8BC3-1922C46EB900}
		{71BA2750-DBB4-4C2C-A0CE-BD7A3027BCEA} = {AF9824CD-CA73-4F7C-A4B1-F8A87876A799}
		{77EA521E-ECF4-4D1C-90E0-E4A4DFA0EF20} = {760F9332-6898-4B98-A446-9393F784C218}
		{C964F020-C9C9-4C8F-A37B-012D402A1A85} = {3CF8463B-0BBD-4D9B-8994-893F91BB9B8B}
		{C9D013E8-12F1-4B0F-A496-7DDC20E39D7F} = {CF19D8FD-92CA-4CAD-A093-31666578AD97}
		{784A05DA-F9E7-4105-9867-77F1374AA9D0} = {3CF8463B-0BBD-4D9B-8994-893F91BB9B8B}
		{71910A3C-3D29-45AF-83F0-6D08766779F0} = {760F9332-6898-4B98-A446-9393F784C218}
		{92FD41FE-1C54-47B2-8114-2CDABEE878F9} = {A5E46DCD-75E8-4E71-95DA-DEB4D4D93A55}
		{D4885894-BDFF-4399-9433-147D137A08E6} = {3CF8463B-0BBD-4D9B-8994-893F91BB9B8B}
		{304065F9-CE1B-43BF-85EE-37D5CB82F190} = {3CF8463B-0BBD-4D9B-8994-893F91BB9B8B}
		{5412DFBB-9C75-416E-984E-F0AFA0DBA27C} = {A5E46DCD-75E8-4E71-95DA-DEB4D4D93A55}
		{E71E6DFA-6C78-48A4-BC82-354CD949088F} = {760F9332-6898-4B98-A446-9393F784C218}
		{A5E46DCD-75E8-4E71-95DA-DEB4D4D93A55} = {760F9332-6898-4B98-A446-9393F784C218}
		{BDCFC378-B8C9-4FBA-8379-EB3725AD3723} = {A5E46DCD-75E8-4E71-95DA-DEB4D4D93A55}
		{2E1D7466-4722-464E-8FAA-6D2A3B2C6F2A} = {A5E46DCD-75E8-4E71-95DA-DEB4D4D93A55}
		{F0A581DA-A426-4A21-AA1D-A323726B0C68} = {3CF8463B-0BBD-4D9B-8994-893F91BB9B8B}
		{39BC6931-2557-4CAA-AC27-4453460E2709} = {760F9332-6898-4B98-A446-9393F784C218}
		{EA36A365-833B-4D5B-BC6A-BACC4058023E} = {39BC6931-2557-4CAA-AC27-4453460E2709}
		{736BA8C1-643E-4046-8BEB-CF0B84FE08EB} = {39BC6931-2557-4CAA-AC27-4453460E2709}
		{C1B05610-B1C0-4EAE-9146-9F2C8496926C} = {3CF8463B-0BBD-4D9B-8994-893F91BB9B8B}
		{F3B00D3A-1CEA-4823-91FF-F0114F4917BE} = {760F9332-6898-4B98-A446-9393F784C218}
		{BB34230D-FCDA-424C-95C7-C29D09E12CD0} = {760F9332-6898-4B98-A446-9393F784C218}
		{B276C4E7-3A22-4ABF-93E9-0352132BC66F} = {3CF8463B-0BBD-4D9B-8994-893F91BB9B8B}
		{00BB329B-FD8B-4E2B-B46F-95F1687741B9} = {3CF8463B-0BBD-4D9B-8994-893F91BB9B8B}
		{907BE0E1-18AA-463D-B9EF-E370EF69ED2F} = {760F9332-6898-4B98-A446-9393F784C218}
		{84D1013E-6228-4F31-82B3-A4FB7405F56D} = {3CF8463B-0BBD-4D9B-8994-893F91BB9B8B}
		{E0D040DB-96AB-40C4-B0C6-1CFF99AAB79A} = {AF9824CD-CA73-4F7C-A4B1-F8A87876A799}
		{AF9824CD-CA73-4F7C-A4B1-F8A87876A799} = {760F9332-6898-4B98-A446-9393F784C218}
		{7C4B48AC-CAA0-44F7-8DF9-95E4189F58B6} = {AF9824CD-CA73-4F7C-A4B1-F8A87876A799}
		{3B12AC4A-70A7-4665-81DC-28F6C1EF0C5B} = {760F9332-6898-4B98-A446-9393F784C218}
		{16C3F4B7-8D85-49C5-8D2B-13745838E036} = {760F9332-6898-4B98-A446-9393F784C218}
		{68BEA582-18A6-4AD5-BFA4-C46FB08883D3} = {760F9332-6898-4B98-A446-9393F784C218}
	EndGlobalSection
	GlobalSection(ExtensibilityGlobals) = postSolution
		SolutionGuid = {A7391230-D715-45CA-8B3E-DDE88A36001C}
	EndGlobalSection
EndGlobal
