
Microsoft Visual Studio Solution File, Format Version 12.00
# Visual Studio Version 16
VisualStudioVersion = 16.0.30011.22
MinimumVisualStudioVersion = 10.0.40219.1
Project("{9A19103F-16F7-4668-BE54-9A1E7A4F7556}") = "PasswordManagement", "PasswordManagement\PasswordManagement.csproj", "{A73A18F7-F08C-47E5-A5F3-B2FCE9E3F6BF}"
EndProject
Project("{9A19103F-16F7-4668-BE54-9A1E7A4F7556}") = "PasswordManagement.Backend", "PasswordManagement.Backend\PasswordManagement.Backend.csproj", "{8B6CE999-A71E-4787-BEEB-4B4A9FAB1233}"
EndProject
Project("{9A19103F-16F7-4668-BE54-9A1E7A4F7556}") = "PasswordManagement.Database", "PasswordManagement.Database\PasswordManagement.Database.csproj", "{D9A978C4-B11F-4BD1-983E-873DB22C1C43}"
EndProject
Project("{9A19103F-16F7-4668-BE54-9A1E7A4F7556}") = "PasswordManagement.DatabaseBuilder", "PasswordManagement.DatabaseBuilder\PasswordManagement.DatabaseBuilder.csproj", "{8A19FBEA-D745-499B-A588-CE35085F674F}"
EndProject
Project("{9A19103F-16F7-4668-BE54-9A1E7A4F7556}") = "PasswordManagement.DatabaseBuilder.Console", "PasswordManagement.DatabaseBuilder.Console\PasswordManagement.DatabaseBuilder.Console.csproj", "{2F1ABE30-3C5E-4377-87EA-6DD55FB929FB}"
EndProject
Project("{9A19103F-16F7-4668-BE54-9A1E7A4F7556}") = "PasswordManagement.Logging", "PasswordManagement.Logging\PasswordManagement.Logging.csproj", "{70153568-6D94-48F9-8032-B6F32D1524DD}"
EndProject
Project("{2150E333-8FDC-42A3-9474-1A3956D46DE8}") = "UI", "UI", "{74619FCA-AD46-4DB2-8BC3-1922C46EB900}"
EndProject
Project("{9A19103F-16F7-4668-BE54-9A1E7A4F7556}") = "PasswordManagement.Styles", "PasswordManagement.Stlyes\PasswordManagement.Styles.csproj", "{855CB156-4CB6-4FD6-A880-DC3FCEB0EA87}"
EndProject
Project("{2150E333-8FDC-42A3-9474-1A3956D46DE8}") = "Database", "Database", "{CF19D8FD-92CA-4CAD-A093-31666578AD97}"
EndProject
Project("{2150E333-8FDC-42A3-9474-1A3956D46DE8}") = "Backend", "Backend", "{760F9332-6898-4B98-A446-9393F784C218}"
EndProject
Project("{9A19103F-16F7-4668-BE54-9A1E7A4F7556}") = "PasswordManagement.File", "PasswordManagement.File\PasswordManagement.File.csproj", "{71BA2750-DBB4-4C2C-A0CE-BD7A3027BCEA}"
EndProject
Project("{9A19103F-16F7-4668-BE54-9A1E7A4F7556}") = "PasswordManagement.Model", "PasswordManagement.Model\PasswordManagement.Model.csproj", "{77EA521E-ECF4-4D1C-90E0-E4A4DFA0EF20}"
EndProject
Project("{2150E333-8FDC-42A3-9474-1A3956D46DE8}") = "Tests", "Tests", "{3CF8463B-0BBD-4D9B-8994-893F91BB9B8B}"
EndProject
Project("{9A19103F-16F7-4668-BE54-9A1E7A4F7556}") = "PasswordManagement.Backend.Tests", "PasswordManagement.Backend.Tests\PasswordManagement.Backend.Tests.csproj", "{56BBD61A-BF2D-4768-B148-0F68EB2B05B3}"
EndProject
Project("{FAE04EC0-301F-11D3-BF4B-00C04F79EFBC}") = "PasswordManagement.Tests", "PasswordManagement.Tests\PasswordManagement.Tests.csproj", "{C964F020-C9C9-4C8F-A37B-012D402A1A85}"
EndProject
Global
	GlobalSection(SolutionConfigurationPlatforms) = preSolution
		Debug|Any CPU = Debug|Any CPU
		Release|Any CPU = Release|Any CPU
	EndGlobalSection
	GlobalSection(ProjectConfigurationPlatforms) = postSolution
		{A73A18F7-F08C-47E5-A5F3-B2FCE9E3F6BF}.Debug|Any CPU.ActiveCfg = Debug|Any CPU
		{A73A18F7-F08C-47E5-A5F3-B2FCE9E3F6BF}.Debug|Any CPU.Build.0 = Debug|Any CPU
		{A73A18F7-F08C-47E5-A5F3-B2FCE9E3F6BF}.Release|Any CPU.ActiveCfg = Release|Any CPU
		{A73A18F7-F08C-47E5-A5F3-B2FCE9E3F6BF}.Release|Any CPU.Build.0 = Release|Any CPU
		{8B6CE999-A71E-4787-BEEB-4B4A9FAB1233}.Debug|Any CPU.ActiveCfg = Debug|Any CPU
		{8B6CE999-A71E-4787-BEEB-4B4A9FAB1233}.Debug|Any CPU.Build.0 = Debug|Any CPU
		{8B6CE999-A71E-4787-BEEB-4B4A9FAB1233}.Release|Any CPU.ActiveCfg = Release|Any CPU
		{8B6CE999-A71E-4787-BEEB-4B4A9FAB1233}.Release|Any CPU.Build.0 = Release|Any CPU
		{D9A978C4-B11F-4BD1-983E-873DB22C1C43}.Debug|Any CPU.ActiveCfg = Debug|Any CPU
		{D9A978C4-B11F-4BD1-983E-873DB22C1C43}.Debug|Any CPU.Build.0 = Debug|Any CPU
		{D9A978C4-B11F-4BD1-983E-873DB22C1C43}.Release|Any CPU.ActiveCfg = Release|Any CPU
		{D9A978C4-B11F-4BD1-983E-873DB22C1C43}.Release|Any CPU.Build.0 = Release|Any CPU
		{8A19FBEA-D745-499B-A588-CE35085F674F}.Debug|Any CPU.ActiveCfg = Debug|Any CPU
		{8A19FBEA-D745-499B-A588-CE35085F674F}.Debug|Any CPU.Build.0 = Debug|Any CPU
		{8A19FBEA-D745-499B-A588-CE35085F674F}.Release|Any CPU.ActiveCfg = Release|Any CPU
		{8A19FBEA-D745-499B-A588-CE35085F674F}.Release|Any CPU.Build.0 = Release|Any CPU
		{2F1ABE30-3C5E-4377-87EA-6DD55FB929FB}.Debug|Any CPU.ActiveCfg = Debug|Any CPU
		{2F1ABE30-3C5E-4377-87EA-6DD55FB929FB}.Debug|Any CPU.Build.0 = Debug|Any CPU
		{2F1ABE30-3C5E-4377-87EA-6DD55FB929FB}.Release|Any CPU.ActiveCfg = Release|Any CPU
		{2F1ABE30-3C5E-4377-87EA-6DD55FB929FB}.Release|Any CPU.Build.0 = Release|Any CPU
		{70153568-6D94-48F9-8032-B6F32D1524DD}.Debug|Any CPU.ActiveCfg = Debug|Any CPU
		{70153568-6D94-48F9-8032-B6F32D1524DD}.Debug|Any CPU.Build.0 = Debug|Any CPU
		{70153568-6D94-48F9-8032-B6F32D1524DD}.Release|Any CPU.ActiveCfg = Release|Any CPU
		{70153568-6D94-48F9-8032-B6F32D1524DD}.Release|Any CPU.Build.0 = Release|Any CPU
		{855CB156-4CB6-4FD6-A880-DC3FCEB0EA87}.Debug|Any CPU.ActiveCfg = Debug|Any CPU
		{855CB156-4CB6-4FD6-A880-DC3FCEB0EA87}.Debug|Any CPU.Build.0 = Debug|Any CPU
		{855CB156-4CB6-4FD6-A880-DC3FCEB0EA87}.Release|Any CPU.ActiveCfg = Release|Any CPU
		{855CB156-4CB6-4FD6-A880-DC3FCEB0EA87}.Release|Any CPU.Build.0 = Release|Any CPU
		{71BA2750-DBB4-4C2C-A0CE-BD7A3027BCEA}.Debug|Any CPU.ActiveCfg = Debug|Any CPU
		{71BA2750-DBB4-4C2C-A0CE-BD7A3027BCEA}.Debug|Any CPU.Build.0 = Debug|Any CPU
		{71BA2750-DBB4-4C2C-A0CE-BD7A3027BCEA}.Release|Any CPU.ActiveCfg = Release|Any CPU
		{71BA2750-DBB4-4C2C-A0CE-BD7A3027BCEA}.Release|Any CPU.Build.0 = Release|Any CPU
		{77EA521E-ECF4-4D1C-90E0-E4A4DFA0EF20}.Debug|Any CPU.ActiveCfg = Debug|Any CPU
		{77EA521E-ECF4-4D1C-90E0-E4A4DFA0EF20}.Debug|Any CPU.Build.0 = Debug|Any CPU
		{77EA521E-ECF4-4D1C-90E0-E4A4DFA0EF20}.Release|Any CPU.ActiveCfg = Release|Any CPU
		{77EA521E-ECF4-4D1C-90E0-E4A4DFA0EF20}.Release|Any CPU.Build.0 = Release|Any CPU
		{56BBD61A-BF2D-4768-B148-0F68EB2B05B3}.Debug|Any CPU.ActiveCfg = Debug|Any CPU
		{56BBD61A-BF2D-4768-B148-0F68EB2B05B3}.Debug|Any CPU.Build.0 = Debug|Any CPU
		{56BBD61A-BF2D-4768-B148-0F68EB2B05B3}.Release|Any CPU.ActiveCfg = Release|Any CPU
		{56BBD61A-BF2D-4768-B148-0F68EB2B05B3}.Release|Any CPU.Build.0 = Release|Any CPU
		{C964F020-C9C9-4C8F-A37B-012D402A1A85}.Debug|Any CPU.ActiveCfg = Debug|Any CPU
		{C964F020-C9C9-4C8F-A37B-012D402A1A85}.Debug|Any CPU.Build.0 = Debug|Any CPU
		{C964F020-C9C9-4C8F-A37B-012D402A1A85}.Release|Any CPU.ActiveCfg = Release|Any CPU
		{C964F020-C9C9-4C8F-A37B-012D402A1A85}.Release|Any CPU.Build.0 = Release|Any CPU
	EndGlobalSection
	GlobalSection(SolutionProperties) = preSolution
		HideSolutionNode = FALSE
	EndGlobalSection
	GlobalSection(NestedProjects) = preSolution
		{A73A18F7-F08C-47E5-A5F3-B2FCE9E3F6BF} = {74619FCA-AD46-4DB2-8BC3-1922C46EB900}
		{8B6CE999-A71E-4787-BEEB-4B4A9FAB1233} = {760F9332-6898-4B98-A446-9393F784C218}
		{D9A978C4-B11F-4BD1-983E-873DB22C1C43} = {CF19D8FD-92CA-4CAD-A093-31666578AD97}
		{8A19FBEA-D745-499B-A588-CE35085F674F} = {CF19D8FD-92CA-4CAD-A093-31666578AD97}
		{2F1ABE30-3C5E-4377-87EA-6DD55FB929FB} = {CF19D8FD-92CA-4CAD-A093-31666578AD97}
		{70153568-6D94-48F9-8032-B6F32D1524DD} = {760F9332-6898-4B98-A446-9393F784C218}
		{855CB156-4CB6-4FD6-A880-DC3FCEB0EA87} = {74619FCA-AD46-4DB2-8BC3-1922C46EB900}
		{71BA2750-DBB4-4C2C-A0CE-BD7A3027BCEA} = {760F9332-6898-4B98-A446-9393F784C218}
		{77EA521E-ECF4-4D1C-90E0-E4A4DFA0EF20} = {760F9332-6898-4B98-A446-9393F784C218}
		{56BBD61A-BF2D-4768-B148-0F68EB2B05B3} = {3CF8463B-0BBD-4D9B-8994-893F91BB9B8B}
		{C964F020-C9C9-4C8F-A37B-012D402A1A85} = {3CF8463B-0BBD-4D9B-8994-893F91BB9B8B}
	EndGlobalSection
	GlobalSection(ExtensibilityGlobals) = postSolution
		SolutionGuid = {A7391230-D715-45CA-8B3E-DDE88A36001C}
	EndGlobalSection
EndGlobal
